// !$*UTF8*$!
{
	archiveVersion = 1;
	classes = {
	};
	objectVersion = 55;
	objects = {

/* Begin PBXBuildFile section */
		64101FB42BD1013E00D912D4 /* LibraryViewController.swift in Sources */ = {isa = PBXBuildFile; fileRef = 64101FB32BD1013E00D912D4 /* LibraryViewController.swift */; };
		64101FB62BD1055100D912D4 /* HelpViewController.swift in Sources */ = {isa = PBXBuildFile; fileRef = 64101FB52BD1055100D912D4 /* HelpViewController.swift */; };
		641E80972BD4DAE400A62D45 /* WgTextField.swift in Sources */ = {isa = PBXBuildFile; fileRef = 641E80962BD4DAE400A62D45 /* WgTextField.swift */; };
		641E80992BD4DAFE00A62D45 /* WgButton.swift in Sources */ = {isa = PBXBuildFile; fileRef = 641E80982BD4DAFE00A62D45 /* WgButton.swift */; };
		641E809B2BD4F7B100A62D45 /* WgForm.swift in Sources */ = {isa = PBXBuildFile; fileRef = 641E809A2BD4F7B100A62D45 /* WgForm.swift */; };
		642535682BCE635A00A2204C /* HomeViewController.swift in Sources */ = {isa = PBXBuildFile; fileRef = 642535672BCE635A00A2204C /* HomeViewController.swift */; };
		6425356D2BCF743900A2204C /* CustomTableViewCell.swift in Sources */ = {isa = PBXBuildFile; fileRef = 6425356C2BCF743900A2204C /* CustomTableViewCell.swift */; };
		9B08477429969264003BA4B4 /* AppDelegate.swift in Sources */ = {isa = PBXBuildFile; fileRef = 9B08477329969264003BA4B4 /* AppDelegate.swift */; };
		9B08477629969264003BA4B4 /* SceneDelegate.swift in Sources */ = {isa = PBXBuildFile; fileRef = 9B08477529969264003BA4B4 /* SceneDelegate.swift */; };
		9B08477829969264003BA4B4 /* LoginViewController.swift in Sources */ = {isa = PBXBuildFile; fileRef = 9B08477729969264003BA4B4 /* LoginViewController.swift */; };
		9B08477B29969264003BA4B4 /* Main.storyboard in Resources */ = {isa = PBXBuildFile; fileRef = 9B08477929969264003BA4B4 /* Main.storyboard */; };
		9B08477D29969265003BA4B4 /* Assets.xcassets in Resources */ = {isa = PBXBuildFile; fileRef = 9B08477C29969265003BA4B4 /* Assets.xcassets */; };
		9B08478029969265003BA4B4 /* LaunchScreen.storyboard in Resources */ = {isa = PBXBuildFile; fileRef = 9B08477E29969265003BA4B4 /* LaunchScreen.storyboard */; };
		9B14AE4D29D204EA006F7C51 /* VerifyCodeViewController.swift in Sources */ = {isa = PBXBuildFile; fileRef = 9B14AE4C29D204EA006F7C51 /* VerifyCodeViewController.swift */; };
		9B14AE5B29D33B0D006F7C51 /* ResetPasswordViewController.swift in Sources */ = {isa = PBXBuildFile; fileRef = 9B14AE5A29D33B0D006F7C51 /* ResetPasswordViewController.swift */; };
		9B14AE5D29D33CEB006F7C51 /* NewPasswordViewController.swift in Sources */ = {isa = PBXBuildFile; fileRef = 9B14AE5C29D33CEB006F7C51 /* NewPasswordViewController.swift */; };
		9BE0CE6029EEE00B00F2C77F /* Configuration.swift in Sources */ = {isa = PBXBuildFile; fileRef = 9BE0CE5F29EEE00B00F2C77F /* Configuration.swift */; };
		DE00FD9E2B8CADF100DB3A77 /* MSAL in Frameworks */ = {isa = PBXBuildFile; productRef = DE00FD9D2B8CADF100DB3A77 /* MSAL */; };
/* End PBXBuildFile section */

/* Begin PBXCopyFilesBuildPhase section */
		9BB32E4D29A6750800BD7D89 /* Embed Frameworks */ = {
			isa = PBXCopyFilesBuildPhase;
			buildActionMask = 2147483647;
			dstPath = "";
			dstSubfolderSpec = 10;
			files = (
			);
			name = "Embed Frameworks";
			runOnlyForDeploymentPostprocessing = 0;
		};
/* End PBXCopyFilesBuildPhase section */

/* Begin PBXFileReference section */
		64101FB32BD1013E00D912D4 /* LibraryViewController.swift */ = {isa = PBXFileReference; lastKnownFileType = sourcecode.swift; path = LibraryViewController.swift; sourceTree = "<group>"; };
		64101FB52BD1055100D912D4 /* HelpViewController.swift */ = {isa = PBXFileReference; lastKnownFileType = sourcecode.swift; path = HelpViewController.swift; sourceTree = "<group>"; };
		641E80962BD4DAE400A62D45 /* WgTextField.swift */ = {isa = PBXFileReference; lastKnownFileType = sourcecode.swift; path = WgTextField.swift; sourceTree = "<group>"; };
		641E80982BD4DAFE00A62D45 /* WgButton.swift */ = {isa = PBXFileReference; lastKnownFileType = sourcecode.swift; path = WgButton.swift; sourceTree = "<group>"; };
		641E809A2BD4F7B100A62D45 /* WgForm.swift */ = {isa = PBXFileReference; lastKnownFileType = sourcecode.swift; path = WgForm.swift; sourceTree = "<group>"; };
		642535672BCE635A00A2204C /* HomeViewController.swift */ = {isa = PBXFileReference; lastKnownFileType = sourcecode.swift; path = HomeViewController.swift; sourceTree = "<group>"; };
		6425356C2BCF743900A2204C /* CustomTableViewCell.swift */ = {isa = PBXFileReference; lastKnownFileType = sourcecode.swift; path = CustomTableViewCell.swift; sourceTree = "<group>"; };
		9B08477029969264003BA4B4 /* NativeAuthSampleApp.app */ = {isa = PBXFileReference; explicitFileType = wrapper.application; includeInIndex = 0; path = NativeAuthSampleApp.app; sourceTree = BUILT_PRODUCTS_DIR; };
		9B08477329969264003BA4B4 /* AppDelegate.swift */ = {isa = PBXFileReference; lastKnownFileType = sourcecode.swift; path = AppDelegate.swift; sourceTree = "<group>"; };
		9B08477529969264003BA4B4 /* SceneDelegate.swift */ = {isa = PBXFileReference; lastKnownFileType = sourcecode.swift; path = SceneDelegate.swift; sourceTree = "<group>"; };
		9B08477729969264003BA4B4 /* LoginViewController.swift */ = {isa = PBXFileReference; lastKnownFileType = sourcecode.swift; path = LoginViewController.swift; sourceTree = "<group>"; };
		9B08477A29969264003BA4B4 /* Base */ = {isa = PBXFileReference; lastKnownFileType = file.storyboard; name = Base; path = Base.lproj/Main.storyboard; sourceTree = "<group>"; };
		9B08477C29969265003BA4B4 /* Assets.xcassets */ = {isa = PBXFileReference; lastKnownFileType = folder.assetcatalog; path = Assets.xcassets; sourceTree = "<group>"; };
		9B08477F29969265003BA4B4 /* Base */ = {isa = PBXFileReference; lastKnownFileType = file.storyboard; name = Base; path = Base.lproj/LaunchScreen.storyboard; sourceTree = "<group>"; };
		9B08478129969265003BA4B4 /* Info.plist */ = {isa = PBXFileReference; lastKnownFileType = text.plist.xml; path = Info.plist; sourceTree = "<group>"; };
		9B14AE4C29D204EA006F7C51 /* VerifyCodeViewController.swift */ = {isa = PBXFileReference; lastKnownFileType = sourcecode.swift; path = VerifyCodeViewController.swift; sourceTree = "<group>"; };
		9B14AE5A29D33B0D006F7C51 /* ResetPasswordViewController.swift */ = {isa = PBXFileReference; lastKnownFileType = sourcecode.swift; path = ResetPasswordViewController.swift; sourceTree = "<group>"; };
		9B14AE5C29D33CEB006F7C51 /* NewPasswordViewController.swift */ = {isa = PBXFileReference; lastKnownFileType = sourcecode.swift; path = NewPasswordViewController.swift; sourceTree = "<group>"; };
		9BE0CE5F29EEE00B00F2C77F /* Configuration.swift */ = {isa = PBXFileReference; lastKnownFileType = sourcecode.swift; path = Configuration.swift; sourceTree = "<group>"; };
		9BFB690129E0002B006F0CF4 /* NativeAuthSampleApp.entitlements */ = {isa = PBXFileReference; lastKnownFileType = text.plist.entitlements; path = NativeAuthSampleApp.entitlements; sourceTree = "<group>"; };
/* End PBXFileReference section */

/* Begin PBXFrameworksBuildPhase section */
		9B08476D29969264003BA4B4 /* Frameworks */ = {
			isa = PBXFrameworksBuildPhase;
			buildActionMask = 2147483647;
			files = (
				DE00FD9E2B8CADF100DB3A77 /* MSAL in Frameworks */,
			);
			runOnlyForDeploymentPostprocessing = 0;
		};
/* End PBXFrameworksBuildPhase section */

/* Begin PBXGroup section */
		641E80932BD4DA9200A62D45 /* CustomViews */ = {
			isa = PBXGroup;
			children = (
				641E80962BD4DAE400A62D45 /* WgTextField.swift */,
				641E80982BD4DAFE00A62D45 /* WgButton.swift */,
				641E809A2BD4F7B100A62D45 /* WgForm.swift */,
			);
			name = CustomViews;
			sourceTree = "<group>";
		};
		9B08476729969264003BA4B4 = {
			isa = PBXGroup;
			children = (
				9B08477229969264003BA4B4 /* NativeAuthSampleApp */,
				9B08477129969264003BA4B4 /* Products */,
				9BB32E4A29A6750800BD7D89 /* Frameworks */,
			);
			sourceTree = "<group>";
		};
		9B08477129969264003BA4B4 /* Products */ = {
			isa = PBXGroup;
			children = (
				9B08477029969264003BA4B4 /* NativeAuthSampleApp.app */,
			);
			name = Products;
			sourceTree = "<group>";
		};
		9B08477229969264003BA4B4 /* NativeAuthSampleApp */ = {
			isa = PBXGroup;
			children = (
				641E80932BD4DA9200A62D45 /* CustomViews */,
				9B08477329969264003BA4B4 /* AppDelegate.swift */,
				9B08477529969264003BA4B4 /* SceneDelegate.swift */,
				9BE0CE5F29EEE00B00F2C77F /* Configuration.swift */,
				9B73CAD929F6DAC200FC7129 /* Scenario View Controllers */,
				9B73CACB29F6DAA300FC7129 /* Modal View Controllers */,
				9BFB690129E0002B006F0CF4 /* NativeAuthSampleApp.entitlements */,
				9B08477929969264003BA4B4 /* Main.storyboard */,
				9B08477C29969265003BA4B4 /* Assets.xcassets */,
				9B08477E29969265003BA4B4 /* LaunchScreen.storyboard */,
				9B08478129969265003BA4B4 /* Info.plist */,
				6425356C2BCF743900A2204C /* CustomTableViewCell.swift */,
			);
			path = NativeAuthSampleApp;
			sourceTree = "<group>";
		};
		9B73CACB29F6DAA300FC7129 /* Modal View Controllers */ = {
			isa = PBXGroup;
			children = (
				9B14AE4C29D204EA006F7C51 /* VerifyCodeViewController.swift */,
				9B14AE5C29D33CEB006F7C51 /* NewPasswordViewController.swift */,
			);
			name = "Modal View Controllers";
			sourceTree = "<group>";
		};
		9B73CAD929F6DAC200FC7129 /* Scenario View Controllers */ = {
			isa = PBXGroup;
			children = (
				9B08477729969264003BA4B4 /* LoginViewController.swift */,
				9B14AE5A29D33B0D006F7C51 /* ResetPasswordViewController.swift */,
				642535672BCE635A00A2204C /* HomeViewController.swift */,
				64101FB32BD1013E00D912D4 /* LibraryViewController.swift */,
				64101FB52BD1055100D912D4 /* HelpViewController.swift */,
			);
			name = "Scenario View Controllers";
			sourceTree = "<group>";
		};
		9BB32E4A29A6750800BD7D89 /* Frameworks */ = {
			isa = PBXGroup;
			children = (
			);
			name = Frameworks;
			sourceTree = "<group>";
		};
/* End PBXGroup section */

/* Begin PBXNativeTarget section */
		9B08476F29969264003BA4B4 /* NativeAuthSampleApp */ = {
			isa = PBXNativeTarget;
			buildConfigurationList = 9B08478429969265003BA4B4 /* Build configuration list for PBXNativeTarget "NativeAuthSampleApp" */;
			buildPhases = (
				9B08476C29969264003BA4B4 /* Sources */,
				9B08476D29969264003BA4B4 /* Frameworks */,
				9B08476E29969264003BA4B4 /* Resources */,
				9BB32E4D29A6750800BD7D89 /* Embed Frameworks */,
			);
			buildRules = (
			);
			dependencies = (
			);
			name = NativeAuthSampleApp;
			packageProductDependencies = (
				DE00FD9D2B8CADF100DB3A77 /* MSAL */,
			);
			productName = NativeAuthSampleApp;
			productReference = 9B08477029969264003BA4B4 /* NativeAuthSampleApp.app */;
			productType = "com.apple.product-type.application";
		};
/* End PBXNativeTarget section */

/* Begin PBXProject section */
		9B08476829969264003BA4B4 /* Project object */ = {
			isa = PBXProject;
			attributes = {
				BuildIndependentTargetsInParallel = 1;
				LastSwiftUpdateCheck = 1420;
				LastUpgradeCheck = 1520;
				TargetAttributes = {
					9B08476F29969264003BA4B4 = {
						CreatedOnToolsVersion = 14.2;
						LastSwiftMigration = 1430;
					};
				};
			};
			buildConfigurationList = 9B08476B29969264003BA4B4 /* Build configuration list for PBXProject "NativeAuthSampleApp" */;
			compatibilityVersion = "Xcode 13.0";
			developmentRegion = en;
			hasScannedForEncodings = 0;
			knownRegions = (
				en,
				Base,
			);
			mainGroup = 9B08476729969264003BA4B4;
			packageReferences = (
				DE00FD9C2B8CADF100DB3A77 /* XCRemoteSwiftPackageReference "microsoft-authentication-library-for-objc" */,
			);
			productRefGroup = 9B08477129969264003BA4B4 /* Products */;
			projectDirPath = "";
			projectRoot = "";
			targets = (
				9B08476F29969264003BA4B4 /* NativeAuthSampleApp */,
			);
		};
/* End PBXProject section */

/* Begin PBXResourcesBuildPhase section */
		9B08476E29969264003BA4B4 /* Resources */ = {
			isa = PBXResourcesBuildPhase;
			buildActionMask = 2147483647;
			files = (
				9B08478029969265003BA4B4 /* LaunchScreen.storyboard in Resources */,
				9B08477D29969265003BA4B4 /* Assets.xcassets in Resources */,
				9B08477B29969264003BA4B4 /* Main.storyboard in Resources */,
			);
			runOnlyForDeploymentPostprocessing = 0;
		};
/* End PBXResourcesBuildPhase section */

/* Begin PBXSourcesBuildPhase section */
		9B08476C29969264003BA4B4 /* Sources */ = {
			isa = PBXSourcesBuildPhase;
			buildActionMask = 2147483647;
			files = (
				64101FB42BD1013E00D912D4 /* LibraryViewController.swift in Sources */,
				641E809B2BD4F7B100A62D45 /* WgForm.swift in Sources */,
				9B14AE4D29D204EA006F7C51 /* VerifyCodeViewController.swift in Sources */,
				9B08477829969264003BA4B4 /* LoginViewController.swift in Sources */,
				641E80972BD4DAE400A62D45 /* WgTextField.swift in Sources */,
				9B14AE5D29D33CEB006F7C51 /* NewPasswordViewController.swift in Sources */,
				641E80992BD4DAFE00A62D45 /* WgButton.swift in Sources */,
				9B14AE5B29D33B0D006F7C51 /* ResetPasswordViewController.swift in Sources */,
				9B08477429969264003BA4B4 /* AppDelegate.swift in Sources */,
				64101FB62BD1055100D912D4 /* HelpViewController.swift in Sources */,
				9BE0CE6029EEE00B00F2C77F /* Configuration.swift in Sources */,
				642535682BCE635A00A2204C /* HomeViewController.swift in Sources */,
				9B08477629969264003BA4B4 /* SceneDelegate.swift in Sources */,
				6425356D2BCF743900A2204C /* CustomTableViewCell.swift in Sources */,
			);
			runOnlyForDeploymentPostprocessing = 0;
		};
/* End PBXSourcesBuildPhase section */

/* Begin PBXVariantGroup section */
		9B08477929969264003BA4B4 /* Main.storyboard */ = {
			isa = PBXVariantGroup;
			children = (
				9B08477A29969264003BA4B4 /* Base */,
			);
			name = Main.storyboard;
			sourceTree = "<group>";
		};
		9B08477E29969265003BA4B4 /* LaunchScreen.storyboard */ = {
			isa = PBXVariantGroup;
			children = (
				9B08477F29969265003BA4B4 /* Base */,
			);
			name = LaunchScreen.storyboard;
			sourceTree = "<group>";
		};
/* End PBXVariantGroup section */

/* Begin XCBuildConfiguration section */
		9B08478229969265003BA4B4 /* Debug */ = {
			isa = XCBuildConfiguration;
			buildSettings = {
				ALWAYS_SEARCH_USER_PATHS = NO;
				CLANG_ANALYZER_NONNULL = YES;
				CLANG_ANALYZER_NUMBER_OBJECT_CONVERSION = YES_AGGRESSIVE;
				CLANG_CXX_LANGUAGE_STANDARD = "gnu++20";
				CLANG_ENABLE_MODULES = YES;
				CLANG_ENABLE_OBJC_ARC = YES;
				CLANG_ENABLE_OBJC_WEAK = YES;
				CLANG_WARN_BLOCK_CAPTURE_AUTORELEASING = YES;
				CLANG_WARN_BOOL_CONVERSION = YES;
				CLANG_WARN_COMMA = YES;
				CLANG_WARN_CONSTANT_CONVERSION = YES;
				CLANG_WARN_DEPRECATED_OBJC_IMPLEMENTATIONS = YES;
				CLANG_WARN_DIRECT_OBJC_ISA_USAGE = YES_ERROR;
				CLANG_WARN_DOCUMENTATION_COMMENTS = YES;
				CLANG_WARN_EMPTY_BODY = YES;
				CLANG_WARN_ENUM_CONVERSION = YES;
				CLANG_WARN_INFINITE_RECURSION = YES;
				CLANG_WARN_INT_CONVERSION = YES;
				CLANG_WARN_NON_LITERAL_NULL_CONVERSION = YES;
				CLANG_WARN_OBJC_IMPLICIT_RETAIN_SELF = YES;
				CLANG_WARN_OBJC_LITERAL_CONVERSION = YES;
				CLANG_WARN_OBJC_ROOT_CLASS = YES_ERROR;
				CLANG_WARN_QUOTED_INCLUDE_IN_FRAMEWORK_HEADER = YES;
				CLANG_WARN_RANGE_LOOP_ANALYSIS = YES;
				CLANG_WARN_STRICT_PROTOTYPES = YES;
				CLANG_WARN_SUSPICIOUS_MOVE = YES;
				CLANG_WARN_UNGUARDED_AVAILABILITY = YES_AGGRESSIVE;
				CLANG_WARN_UNREACHABLE_CODE = YES;
				CLANG_WARN__DUPLICATE_METHOD_MATCH = YES;
				COPY_PHASE_STRIP = NO;
				DEBUG_INFORMATION_FORMAT = dwarf;
				ENABLE_STRICT_OBJC_MSGSEND = YES;
				ENABLE_TESTABILITY = YES;
				GCC_C_LANGUAGE_STANDARD = gnu11;
				GCC_DYNAMIC_NO_PIC = NO;
				GCC_NO_COMMON_BLOCKS = YES;
				GCC_OPTIMIZATION_LEVEL = 0;
				GCC_PREPROCESSOR_DEFINITIONS = (
					"DEBUG=1",
					"$(inherited)",
				);
				GCC_WARN_64_TO_32_BIT_CONVERSION = YES;
				GCC_WARN_ABOUT_RETURN_TYPE = YES_ERROR;
				GCC_WARN_UNDECLARED_SELECTOR = YES;
				GCC_WARN_UNINITIALIZED_AUTOS = YES_AGGRESSIVE;
				GCC_WARN_UNUSED_FUNCTION = YES;
				GCC_WARN_UNUSED_VARIABLE = YES;
				IPHONEOS_DEPLOYMENT_TARGET = 15.0;
				MTL_ENABLE_DEBUG_INFO = INCLUDE_SOURCE;
				MTL_FAST_MATH = YES;
				ONLY_ACTIVE_ARCH = YES;
				SDKROOT = iphoneos;
				SWIFT_ACTIVE_COMPILATION_CONDITIONS = DEBUG;
				SWIFT_OPTIMIZATION_LEVEL = "-Onone";
			};
			name = Debug;
		};
		9B08478329969265003BA4B4 /* Release */ = {
			isa = XCBuildConfiguration;
			buildSettings = {
				ALWAYS_SEARCH_USER_PATHS = NO;
				CLANG_ANALYZER_NONNULL = YES;
				CLANG_ANALYZER_NUMBER_OBJECT_CONVERSION = YES_AGGRESSIVE;
				CLANG_CXX_LANGUAGE_STANDARD = "gnu++20";
				CLANG_ENABLE_MODULES = YES;
				CLANG_ENABLE_OBJC_ARC = YES;
				CLANG_ENABLE_OBJC_WEAK = YES;
				CLANG_WARN_BLOCK_CAPTURE_AUTORELEASING = YES;
				CLANG_WARN_BOOL_CONVERSION = YES;
				CLANG_WARN_COMMA = YES;
				CLANG_WARN_CONSTANT_CONVERSION = YES;
				CLANG_WARN_DEPRECATED_OBJC_IMPLEMENTATIONS = YES;
				CLANG_WARN_DIRECT_OBJC_ISA_USAGE = YES_ERROR;
				CLANG_WARN_DOCUMENTATION_COMMENTS = YES;
				CLANG_WARN_EMPTY_BODY = YES;
				CLANG_WARN_ENUM_CONVERSION = YES;
				CLANG_WARN_INFINITE_RECURSION = YES;
				CLANG_WARN_INT_CONVERSION = YES;
				CLANG_WARN_NON_LITERAL_NULL_CONVERSION = YES;
				CLANG_WARN_OBJC_IMPLICIT_RETAIN_SELF = YES;
				CLANG_WARN_OBJC_LITERAL_CONVERSION = YES;
				CLANG_WARN_OBJC_ROOT_CLASS = YES_ERROR;
				CLANG_WARN_QUOTED_INCLUDE_IN_FRAMEWORK_HEADER = YES;
				CLANG_WARN_RANGE_LOOP_ANALYSIS = YES;
				CLANG_WARN_STRICT_PROTOTYPES = YES;
				CLANG_WARN_SUSPICIOUS_MOVE = YES;
				CLANG_WARN_UNGUARDED_AVAILABILITY = YES_AGGRESSIVE;
				CLANG_WARN_UNREACHABLE_CODE = YES;
				CLANG_WARN__DUPLICATE_METHOD_MATCH = YES;
				COPY_PHASE_STRIP = NO;
				DEBUG_INFORMATION_FORMAT = "dwarf-with-dsym";
				ENABLE_NS_ASSERTIONS = NO;
				ENABLE_STRICT_OBJC_MSGSEND = YES;
				GCC_C_LANGUAGE_STANDARD = gnu11;
				GCC_NO_COMMON_BLOCKS = YES;
				GCC_WARN_64_TO_32_BIT_CONVERSION = YES;
				GCC_WARN_ABOUT_RETURN_TYPE = YES_ERROR;
				GCC_WARN_UNDECLARED_SELECTOR = YES;
				GCC_WARN_UNINITIALIZED_AUTOS = YES_AGGRESSIVE;
				GCC_WARN_UNUSED_FUNCTION = YES;
				GCC_WARN_UNUSED_VARIABLE = YES;
				IPHONEOS_DEPLOYMENT_TARGET = 15.0;
				MTL_ENABLE_DEBUG_INFO = NO;
				MTL_FAST_MATH = YES;
				SDKROOT = iphoneos;
				SWIFT_COMPILATION_MODE = wholemodule;
				SWIFT_OPTIMIZATION_LEVEL = "-O";
				VALIDATE_PRODUCT = YES;
			};
			name = Release;
		};
		9B08478529969265003BA4B4 /* Debug */ = {
			isa = XCBuildConfiguration;
			buildSettings = {
				ASSETCATALOG_COMPILER_APPICON_NAME = AppIcon;
				ASSETCATALOG_COMPILER_GLOBAL_ACCENT_COLOR_NAME = AccentColor;
				CLANG_ENABLE_MODULES = YES;
				CLANG_WARN_QUOTED_INCLUDE_IN_FRAMEWORK_HEADER = NO;
				CODE_SIGN_ENTITLEMENTS = NativeAuthSampleApp/NativeAuthSampleApp.entitlements;
				CODE_SIGN_STYLE = Automatic;
				CURRENT_PROJECT_VERSION = 1;
				DEVELOPMENT_TEAM = UBF8T346G9;
				GENERATE_INFOPLIST_FILE = YES;
				INFOPLIST_FILE = NativeAuthSampleApp/Info.plist;
				INFOPLIST_KEY_UIApplicationSupportsIndirectInputEvents = YES;
				INFOPLIST_KEY_UILaunchStoryboardName = LaunchScreen;
				INFOPLIST_KEY_UIMainStoryboardFile = Main;
				INFOPLIST_KEY_UISupportedInterfaceOrientations = UIInterfaceOrientationPortrait;
				INFOPLIST_KEY_UISupportedInterfaceOrientations_iPad = "UIInterfaceOrientationLandscapeLeft UIInterfaceOrientationLandscapeRight UIInterfaceOrientationPortrait UIInterfaceOrientationPortraitUpsideDown";
				LD_RUNPATH_SEARCH_PATHS = (
					"$(inherited)",
					"@executable_path/Frameworks",
				);
				MARKETING_VERSION = 1.0;
				PRODUCT_BUNDLE_IDENTIFIER = com.microsoft.NativeAuthSampleApp;
				PRODUCT_NAME = "$(TARGET_NAME)";
				SWIFT_EMIT_LOC_STRINGS = YES;
				SWIFT_OBJC_BRIDGING_HEADER = "NativeAuthSampleApp/NativeAuthSampleApp-Bridging-Header.h";
				SWIFT_OPTIMIZATION_LEVEL = "-Onone";
				SWIFT_VERSION = 5.0;
				TARGETED_DEVICE_FAMILY = "1,2";
			};
			name = Debug;
		};
		9B08478629969265003BA4B4 /* Release */ = {
			isa = XCBuildConfiguration;
			buildSettings = {
				ASSETCATALOG_COMPILER_APPICON_NAME = AppIcon;
				ASSETCATALOG_COMPILER_GLOBAL_ACCENT_COLOR_NAME = AccentColor;
				CLANG_ENABLE_MODULES = YES;
				CLANG_WARN_QUOTED_INCLUDE_IN_FRAMEWORK_HEADER = NO;
				CODE_SIGN_ENTITLEMENTS = NativeAuthSampleApp/NativeAuthSampleApp.entitlements;
				CODE_SIGN_STYLE = Automatic;
				CURRENT_PROJECT_VERSION = 1;
				DEVELOPMENT_TEAM = UBF8T346G9;
				GENERATE_INFOPLIST_FILE = YES;
				INFOPLIST_FILE = NativeAuthSampleApp/Info.plist;
				INFOPLIST_KEY_UIApplicationSupportsIndirectInputEvents = YES;
				INFOPLIST_KEY_UILaunchStoryboardName = LaunchScreen;
				INFOPLIST_KEY_UIMainStoryboardFile = Main;
				INFOPLIST_KEY_UISupportedInterfaceOrientations = UIInterfaceOrientationPortrait;
				INFOPLIST_KEY_UISupportedInterfaceOrientations_iPad = "UIInterfaceOrientationLandscapeLeft UIInterfaceOrientationLandscapeRight UIInterfaceOrientationPortrait UIInterfaceOrientationPortraitUpsideDown";
				LD_RUNPATH_SEARCH_PATHS = (
					"$(inherited)",
					"@executable_path/Frameworks",
				);
				MARKETING_VERSION = 1.0;
				PRODUCT_BUNDLE_IDENTIFIER = com.microsoft.NativeAuthSampleApp;
				PRODUCT_NAME = "$(TARGET_NAME)";
				SWIFT_EMIT_LOC_STRINGS = YES;
				SWIFT_OBJC_BRIDGING_HEADER = "NativeAuthSampleApp/NativeAuthSampleApp-Bridging-Header.h";
				SWIFT_VERSION = 5.0;
				TARGETED_DEVICE_FAMILY = "1,2";
			};
			name = Release;
		};
/* End XCBuildConfiguration section */

/* Begin XCConfigurationList section */
		9B08476B29969264003BA4B4 /* Build configuration list for PBXProject "NativeAuthSampleApp" */ = {
			isa = XCConfigurationList;
			buildConfigurations = (
				9B08478229969265003BA4B4 /* Debug */,
				9B08478329969265003BA4B4 /* Release */,
			);
			defaultConfigurationIsVisible = 0;
			defaultConfigurationName = Release;
		};
		9B08478429969265003BA4B4 /* Build configuration list for PBXNativeTarget "NativeAuthSampleApp" */ = {
			isa = XCConfigurationList;
			buildConfigurations = (
				9B08478529969265003BA4B4 /* Debug */,
				9B08478629969265003BA4B4 /* Release */,
			);
			defaultConfigurationIsVisible = 0;
			defaultConfigurationName = Release;
		};
/* End XCConfigurationList section */

/* Begin XCRemoteSwiftPackageReference section */
		DE00FD9C2B8CADF100DB3A77 /* XCRemoteSwiftPackageReference "microsoft-authentication-library-for-objc" */ = {
			isa = XCRemoteSwiftPackageReference;
			repositoryURL = "https://github.com/AzureAD/microsoft-authentication-library-for-objc";
			requirement = {
				kind = upToNextMinorVersion;
				minimumVersion = 1.3.1;
			};
		};
/* End XCRemoteSwiftPackageReference section */

/* Begin XCSwiftPackageProductDependency section */
		DE00FD9D2B8CADF100DB3A77 /* MSAL */ = {
			isa = XCSwiftPackageProductDependency;
			package = DE00FD9C2B8CADF100DB3A77 /* XCRemoteSwiftPackageReference "microsoft-authentication-library-for-objc" */;
			productName = MSAL;
		};
/* End XCSwiftPackageProductDependency section */
	};
	rootObject = 9B08476829969264003BA4B4 /* Project object */;
}
